
Microsoft Visual Studio Solution File, Format Version 12.00
# Visual Studio 15
Project("{FAE04EC0-301F-11D3-BF4B-00C04F79EFBC}") = "Assembly-CSharp", "Assembly-CSharp.csproj", "{B2EBCED6-544C-CC1F-6315-3CF387089B33}"
EndProject
Project("{FAE04EC0-301F-11D3-BF4B-00C04F79EFBC}") = "Assembly-CSharp-Editor", "Assembly-CSharp-Editor.csproj", "{2588211B-E17E-F970-EC85-F062D790D1C7}"
EndProject
Global
	GlobalSection(SolutionConfigurationPlatforms) = preSolution
		Debug|Any CPU = Debug|Any CPU
		Release|Any CPU = Release|Any CPU
	EndGlobalSection
	GlobalSection(ProjectConfigurationPlatforms) = postSolution
		{B2EBCED6-544C-CC1F-6315-3CF387089B33}.Debug|Any CPU.ActiveCfg = Debug|Any CPU
		{B2EBCED6-544C-CC1F-6315-3CF387089B33}.Debug|Any CPU.Build.0 = Debug|Any CPU
		{B2EBCED6-544C-CC1F-6315-3CF387089B33}.Release|Any CPU.ActiveCfg = Release|Any CPU
		{B2EBCED6-544C-CC1F-6315-3CF387089B33}.Release|Any CPU.Build.0 = Release|Any CPU
		{2588211B-E17E-F970-EC85-F062D790D1C7}.Debug|Any CPU.ActiveCfg = Debug|Any CPU
		{2588211B-E17E-F970-EC85-F062D790D1C7}.Debug|Any CPU.Build.0 = Debug|Any CPU
		{2588211B-E17E-F970-EC85-F062D790D1C7}.Release|Any CPU.ActiveCfg = Release|Any CPU
		{2588211B-E17E-F970-EC85-F062D790D1C7}.Release|Any CPU.Build.0 = Release|Any CPU
	EndGlobalSection
	GlobalSection(SolutionProperties) = preSolution
		HideSolutionNode = FALSE
	EndGlobalSection
EndGlobal
